<?xml version="1.0" encoding="utf-8"?>
<Project ToolsVersion="4.0" xmlns="http://schemas.microsoft.com/developer/msbuild/2003">
  <ItemGroup>
    <Filter Include="Fichiers sources">
      <UniqueIdentifier>{4FC737F1-C7A5-4376-A066-2A32D752A2FF}</UniqueIdentifier>
      <Extensions>cpp;c;cc;cxx;def;odl;idl;hpj;bat;asm;asmx</Extensions>
    </Filter>
    <Filter Include="Fichiers d%27en-tête">
      <UniqueIdentifier>{93995380-89BD-4b04-88EB-625FBE52EBFB}</UniqueIdentifier>
      <Extensions>h;hh;hpp;hxx;hm;inl;inc;ipp;xsd</Extensions>
    </Filter>
    <Filter Include="Fichiers de ressources">
      <UniqueIdentifier>{67DA6AB6-F800-4c08-8B7A-83BB121AAD01}</UniqueIdentifier>
      <Extensions>rc;ico;cur;bmp;dlg;rc2;rct;bin;rgs;gif;jpg;jpeg;jpe;resx;tiff;tif;png;wav;mfcribbon-ms</Extensions>
    </Filter>
    <Filter Include="Fichiers d%27en-tête\Personnages">
      <UniqueIdentifier>{b6decd1d-8e1f-4639-9d6e-c4a4809f51a0}</UniqueIdentifier>
    </Filter>
    <Filter Include="Fichiers d%27en-tête\Armes">
      <UniqueIdentifier>{57b58772-d6a2-4763-af08-ca8a36c78cdd}</UniqueIdentifier>
    </Filter>
    <Filter Include="Fichiers d%27en-tête\Armes\Melee">
      <UniqueIdentifier>{5915698a-95d3-4b1b-9283-cc1f897bca14}</UniqueIdentifier>
    </Filter>
    <Filter Include="Fichiers d%27en-tête\Armes\Distance">
      <UniqueIdentifier>{7605c51e-2681-42a3-ac7d-4c3a686d92ee}</UniqueIdentifier>
    </Filter>
    <Filter Include="Fichiers sources\Personnages">
      <UniqueIdentifier>{7efdeb70-d195-4ea3-a665-8807da339afa}</UniqueIdentifier>
    </Filter>
    <Filter Include="Fichiers sources\Armes">
      <UniqueIdentifier>{f1343c01-4790-4ea1-bdae-1d1f9aeaf658}</UniqueIdentifier>
    </Filter>
    <Filter Include="Fichiers sources\Armes\Melee">
      <UniqueIdentifier>{8e0559d4-9f58-4d94-a936-575f1e0d0596}</UniqueIdentifier>
    </Filter>
    <Filter Include="Fichiers sources\Armes\Distance">
      <UniqueIdentifier>{6d25c202-b86a-4c50-83ad-8fc5b98bf29c}</UniqueIdentifier>
    </Filter>
  </ItemGroup>
  <ItemGroup>
    <ClCompile Include="main.cpp">
      <Filter>Fichiers sources</Filter>
    </ClCompile>
    <ClCompile Include="CCharacter.cpp">
      <Filter>Fichiers sources\Personnages</Filter>
    </ClCompile>
    <ClCompile Include="CRogue.cpp">
      <Filter>Fichiers sources\Personnages</Filter>
    </ClCompile>
    <ClCompile Include="CWarrior.cpp">
      <Filter>Fichiers sources\Personnages</Filter>
    </ClCompile>
    <ClCompile Include="CMage.cpp">
      <Filter>Fichiers sources\Personnages</Filter>
    </ClCompile>
    <ClCompile Include="CArcher.cpp">
      <Filter>Fichiers sources\Personnages</Filter>
    </ClCompile>
    <ClCompile Include="CWeapon.cpp">
      <Filter>Fichiers sources\Armes</Filter>
    </ClCompile>
    <ClCompile Include="CBow.cpp">
      <Filter>Fichiers sources\Armes\Distance</Filter>
    </ClCompile>
    <ClCompile Include="CStaff.cpp">
      <Filter>Fichiers sources\Armes\Distance</Filter>
    </ClCompile>
    <ClCompile Include="CRanged.cpp">
      <Filter>Fichiers sources\Armes\Distance</Filter>
    </ClCompile>
    <ClCompile Include="CDagger.cpp">
      <Filter>Fichiers sources\Armes\Melee</Filter>
    </ClCompile>
    <ClCompile Include="CMelee.cpp">
      <Filter>Fichiers sources\Armes\Melee</Filter>
    </ClCompile>
    <ClCompile Include="CSword.cpp">
      <Filter>Fichiers sources\Armes\Melee</Filter>
    </ClCompile>
  </ItemGroup>
  <ItemGroup>
    <ClInclude Include="utils.h">
      <Filter>Fichiers d%27en-tête</Filter>
    </ClInclude>
    <ClInclude Include="CDagger.h">
      <Filter>Fichiers d%27en-tête\Armes\Melee</Filter>
    </ClInclude>
    <ClInclude Include="CSword.h">
      <Filter>Fichiers d%27en-tête\Armes\Melee</Filter>
    </ClInclude>
    <ClInclude Include="CBow.h">
      <Filter>Fichiers d%27en-tête\Armes\Distance</Filter>
    </ClInclude>
    <ClInclude Include="CStaff.h">
      <Filter>Fichiers d%27en-tête\Armes\Distance</Filter>
    </ClInclude>
    <ClInclude Include="CArcher.h">
      <Filter>Fichiers d%27en-tête\Personnages</Filter>
    </ClInclude>
    <ClInclude Include="CCharacter.h">
      <Filter>Fichiers d%27en-tête\Personnages</Filter>
    </ClInclude>
    <ClInclude Include="CMage.h">
      <Filter>Fichiers d%27en-tête\Personnages</Filter>
    </ClInclude>
    <ClInclude Include="CRogue.h">
      <Filter>Fichiers d%27en-tête\Personnages</Filter>
    </ClInclude>
    <ClInclude Include="CWarrior.h">
      <Filter>Fichiers d%27en-tête\Personnages</Filter>
    </ClInclude>
    <ClInclude Include="CWeapon.h">
      <Filter>Fichiers d%27en-tête\Armes</Filter>
    </ClInclude>
    <ClInclude Include="CRanged.h">
      <Filter>Fichiers d%27en-tête\Armes\Distance</Filter>
    </ClInclude>
    <ClInclude Include="CMelee.h">
      <Filter>Fichiers d%27en-tête\Armes\Melee</Filter>
    </ClInclude>
  </ItemGroup>
  <ItemGroup>
    <None Include="C:\Users\Broster\Downloads\config\weapons.jdc">
      <Filter>Fichiers de ressources</Filter>
    </None>
    <None Include="C:\Users\Broster\Downloads\config\characters.jdc">
      <Filter>Fichiers de ressources</Filter>
    </None>
  </ItemGroup>
</Project>